
Microsoft Visual Studio Solution File, Format Version 12.00
# Visual Studio 14
VisualStudioVersion = 14.0.23107.0
MinimumVisualStudioVersion = 10.0.40219.1
Project("{2150E333-8FDC-42A3-9474-1A3956D46DE8}") = ".Globals", ".Globals", "{87A60EF2-877C-4CAD-9752-C15858425A70}"
	ProjectSection(SolutionItems) = preProject
		global.json = global.json
		NuGet.Config = NuGet.Config
	EndProjectSection
EndProject
Project("{2150E333-8FDC-42A3-9474-1A3956D46DE8}") = "Modules", "Modules", "{0F226FB4-0724-46B3-9C24-04FA9B209793}"
EndProject
Project("{2150E333-8FDC-42A3-9474-1A3956D46DE8}") = "Projects", "Projects", "{4366E805-FA17-41DB-86DB-9614C41D99ED}"
EndProject
Project("{8BB2217D-0F2D-49D1-97BC-3654ED321F3B}") = "AppBrix.Backgammon.Core", "AppBrix.Backgammon.Core\AppBrix.Backgammon.Core.xproj", "{A471DE83-DFEF-46B2-8B6E-38896B98EE1C}"
EndProject
Project("{2150E333-8FDC-42A3-9474-1A3956D46DE8}") = "Tests", "Tests", "{6E98C8AD-C25B-42E7-B40A-895E393CF3A9}"
EndProject
Project("{8BB2217D-0F2D-49D1-97BC-3654ED321F3B}") = "AppBrix.Backgammon.ConsoleApp", "AppBrix.Backgammon.ConsoleApp\AppBrix.Backgammon.ConsoleApp.xproj", "{4325F6A9-EC46-4CF2-856A-E0619012F0B6}"
EndProject
Project("{8BB2217D-0F2D-49D1-97BC-3654ED321F3B}") = "AppBrix.Backgammon.Bots", "AppBrix.Backgammon.Bots\AppBrix.Backgammon.Bots.xproj", "{3B9475D7-1F0F-46C5-AB49-7D1F9B552941}"
EndProject
Global
	GlobalSection(SolutionConfigurationPlatforms) = preSolution
		Debug|Any CPU = Debug|Any CPU
		Release|Any CPU = Release|Any CPU
	EndGlobalSection
	GlobalSection(ProjectConfigurationPlatforms) = postSolution
		{A471DE83-DFEF-46B2-8B6E-38896B98EE1C}.Debug|Any CPU.ActiveCfg = Debug|Any CPU
		{A471DE83-DFEF-46B2-8B6E-38896B98EE1C}.Debug|Any CPU.Build.0 = Debug|Any CPU
		{A471DE83-DFEF-46B2-8B6E-38896B98EE1C}.Release|Any CPU.ActiveCfg = Release|Any CPU
		{A471DE83-DFEF-46B2-8B6E-38896B98EE1C}.Release|Any CPU.Build.0 = Release|Any CPU
		{4325F6A9-EC46-4CF2-856A-E0619012F0B6}.Debug|Any CPU.ActiveCfg = Debug|Any CPU
		{4325F6A9-EC46-4CF2-856A-E0619012F0B6}.Debug|Any CPU.Build.0 = Debug|Any CPU
		{4325F6A9-EC46-4CF2-856A-E0619012F0B6}.Release|Any CPU.ActiveCfg = Release|Any CPU
		{4325F6A9-EC46-4CF2-856A-E0619012F0B6}.Release|Any CPU.Build.0 = Release|Any CPU
		{3B9475D7-1F0F-46C5-AB49-7D1F9B552941}.Debug|Any CPU.ActiveCfg = Debug|Any CPU
		{3B9475D7-1F0F-46C5-AB49-7D1F9B552941}.Debug|Any CPU.Build.0 = Debug|Any CPU
		{3B9475D7-1F0F-46C5-AB49-7D1F9B552941}.Release|Any CPU.ActiveCfg = Release|Any CPU
		{3B9475D7-1F0F-46C5-AB49-7D1F9B552941}.Release|Any CPU.Build.0 = Release|Any CPU
	EndGlobalSection
	GlobalSection(SolutionProperties) = preSolution
		HideSolutionNode = FALSE
	EndGlobalSection
	GlobalSection(NestedProjects) = preSolution
		{A471DE83-DFEF-46B2-8B6E-38896B98EE1C} = {0F226FB4-0724-46B3-9C24-04FA9B209793}
		{4325F6A9-EC46-4CF2-856A-E0619012F0B6} = {4366E805-FA17-41DB-86DB-9614C41D99ED}
		{3B9475D7-1F0F-46C5-AB49-7D1F9B552941} = {0F226FB4-0724-46B3-9C24-04FA9B209793}
	EndGlobalSection
EndGlobal
